
Microsoft Visual Studio Solution File, Format Version 12.00
# Visual Studio Version 17
VisualStudioVersion = 17.9.34607.119
MinimumVisualStudioVersion = 10.0.40219.1
Project("{9A19103F-16F7-4668-BE54-9A1E7A4F7556}") = "BetterMotion", "BetterMotion.csproj", "{51897FCE-3D12-4A41-8727-58EF0E420799}"
EndProject
Global
	GlobalSection(SolutionConfigurationPlatforms) = preSolution
		Debug|Any CPU = Debug|Any CPU
		Release|Any CPU = Release|Any CPU
	EndGlobalSection
	GlobalSection(ProjectConfigurationPlatforms) = postSolution
		{51897FCE-3D12-4A41-8727-58EF0E420799}.Debug|Any CPU.ActiveCfg = Debug|Any CPU
		{51897FCE-3D12-4A41-8727-58EF0E420799}.Debug|Any CPU.Build.0 = Debug|Any CPU
		{51897FCE-3D12-4A41-8727-58EF0E420799}.Release|Any CPU.ActiveCfg = Release|Any CPU
		{51897FCE-3D12-4A41-8727-58EF0E420799}.Release|Any CPU.Build.0 = Release|Any CPU
	EndGlobalSection
	GlobalSection(SolutionProperties) = preSolution
		HideSolutionNode = FALSE
	EndGlobalSection
	GlobalSection(ExtensibilityGlobals) = postSolution
		SolutionGuid = {480BCC94-D096-4ED8-85DC-131CEA5BD92E}
	EndGlobalSection
EndGlobal
